
Microsoft Visual Studio Solution File, Format Version 12.00
# Visual Studio Version 17
VisualStudioVersion = 17.9.34723.18
MinimumVisualStudioVersion = 10.0.40219.1
Project("{FAE04EC0-301F-11D3-BF4B-00C04F79EFBC}") = "MessageBoxHelloWorld", "MessageBoxHelloWorld\MessageBoxHelloWorld.csproj", "{0C39B46B-A9F9-47AD-AF35-1E85C98CAAF4}"
EndProject
Project("{FAE04EC0-301F-11D3-BF4B-00C04F79EFBC}") = "MyDocumentsFolder", "MyDocumentsFolder\MyDocumentsFolder.csproj", "{0C84BF6E-2D34-48B4-9B04-38A261ADD50A}"
EndProject
Project("{FAE04EC0-301F-11D3-BF4B-00C04F79EFBC}") = "NewForm", "NewForm\NewForm.csproj", "{0E6AA175-0F4A-4248-A4A6-636BD7699E5C}"
EndProject
Project("{FAE04EC0-301F-11D3-BF4B-00C04F79EFBC}") = "ShowForm", "ShowForm\ShowForm.csproj", "{411C2F23-F6BB-41AF-B32C-E602073E426C}"
EndProject
Project("{FAE04EC0-301F-11D3-BF4B-00C04F79EFBC}") = "RunFormBadly", "RunFormBadly\RunFormBadly.csproj", "{FAAEC67E-76A1-4B36-8734-E2F635C654C4}"
EndProject
Project("{FAE04EC0-301F-11D3-BF4B-00C04F79EFBC}") = "RunFormBetter", "RunFormBetter\RunFormBetter.csproj", "{A49CC44F-03C0-4C3B-86B1-28E0D2EB88C2}"
EndProject
Project("{FAE04EC0-301F-11D3-BF4B-00C04F79EFBC}") = "TwoForms", "TwoForms\TwoForms.csproj", "{DD532E14-6606-43D7-A26A-37C181A91B73}"
EndProject
Project("{FAE04EC0-301F-11D3-BF4B-00C04F79EFBC}") = "FormProperties", "FormProperties\FormProperties.csproj", "{2F571C76-AC1E-4513-910A-29B53F8DC23B}"
EndProject
Project("{FAE04EC0-301F-11D3-BF4B-00C04F79EFBC}") = "PaintEvent", "PaintEvent\PaintEvent.csproj", "{20E32200-110F-401B-8E26-867335462373}"
EndProject
Project("{FAE04EC0-301F-11D3-BF4B-00C04F79EFBC}") = "PaintHello", "PaintHello\PaintHello.csproj", "{1DF74BEE-A0FC-4C48-B8DD-73F1AEB9AFB7}"
EndProject
Project("{FAE04EC0-301F-11D3-BF4B-00C04F79EFBC}") = "PaintTwoForms", "PaintTwoForms\PaintTwoForms.csproj", "{8A3A6B68-D6D0-4E8E-9C1E-358E22110B52}"
EndProject
Project("{FAE04EC0-301F-11D3-BF4B-00C04F79EFBC}") = "TwoPaintHandlers", "TwoPaintHandlers\TwoPaintHandlers.csproj", "{5AC78E04-DE2E-4759-9CA2-DA244C0FD916}"
EndProject
Project("{FAE04EC0-301F-11D3-BF4B-00C04F79EFBC}") = "InheritTheForm", "InheritTheForm\InheritTheForm.csproj", "{41FD1835-5AFF-4370-9391-787A834E821A}"
EndProject
Project("{FAE04EC0-301F-11D3-BF4B-00C04F79EFBC}") = "InheritWithConstructor", "InheritWithConstructor\InheritWithConstructor.csproj", "{95E9143B-D896-4003-8C13-1B3CFA01A1E6}"
EndProject
Project("{FAE04EC0-301F-11D3-BF4B-00C04F79EFBC}") = "HelloWorld", "HelloWorld\HelloWorld.csproj", "{C713B2AD-51CD-46C2-B3BD-C572DBAC47C2}"
EndProject
Project("{FAE04EC0-301F-11D3-BF4B-00C04F79EFBC}") = "SeparateMain", "SeparateMain\SeparateMain.csproj", "{5C3EDE7E-BBBF-40C7-A584-A902C5B7AA89}"
EndProject
Project("{FAE04EC0-301F-11D3-BF4B-00C04F79EFBC}") = "InheritHelloWorld", "InheritHelloWorld\InheritHelloWorld.csproj", "{BD011B7F-5C35-49BE-9EE5-183080696CC8}"
EndProject
Project("{FAE04EC0-301F-11D3-BF4B-00C04F79EFBC}") = "InstantiateHelloWorld", "InstantiateHelloWorld\InstantiateHelloWorld.csproj", "{BEAA004C-4839-4B4B-B041-1FA9641A40E3}"
EndProject
Global
	GlobalSection(SolutionConfigurationPlatforms) = preSolution
		Debug|Any CPU = Debug|Any CPU
		Release|Any CPU = Release|Any CPU
	EndGlobalSection
	GlobalSection(ProjectConfigurationPlatforms) = postSolution
		{0C39B46B-A9F9-47AD-AF35-1E85C98CAAF4}.Debug|Any CPU.ActiveCfg = Debug|Any CPU
		{0C39B46B-A9F9-47AD-AF35-1E85C98CAAF4}.Debug|Any CPU.Build.0 = Debug|Any CPU
		{0C39B46B-A9F9-47AD-AF35-1E85C98CAAF4}.Release|Any CPU.ActiveCfg = Release|Any CPU
		{0C39B46B-A9F9-47AD-AF35-1E85C98CAAF4}.Release|Any CPU.Build.0 = Release|Any CPU
		{0C84BF6E-2D34-48B4-9B04-38A261ADD50A}.Debug|Any CPU.ActiveCfg = Debug|Any CPU
		{0C84BF6E-2D34-48B4-9B04-38A261ADD50A}.Debug|Any CPU.Build.0 = Debug|Any CPU
		{0C84BF6E-2D34-48B4-9B04-38A261ADD50A}.Release|Any CPU.ActiveCfg = Release|Any CPU
		{0C84BF6E-2D34-48B4-9B04-38A261ADD50A}.Release|Any CPU.Build.0 = Release|Any CPU
		{0E6AA175-0F4A-4248-A4A6-636BD7699E5C}.Debug|Any CPU.ActiveCfg = Debug|Any CPU
		{0E6AA175-0F4A-4248-A4A6-636BD7699E5C}.Debug|Any CPU.Build.0 = Debug|Any CPU
		{0E6AA175-0F4A-4248-A4A6-636BD7699E5C}.Release|Any CPU.ActiveCfg = Release|Any CPU
		{0E6AA175-0F4A-4248-A4A6-636BD7699E5C}.Release|Any CPU.Build.0 = Release|Any CPU
		{411C2F23-F6BB-41AF-B32C-E602073E426C}.Debug|Any CPU.ActiveCfg = Debug|Any CPU
		{411C2F23-F6BB-41AF-B32C-E602073E426C}.Debug|Any CPU.Build.0 = Debug|Any CPU
		{411C2F23-F6BB-41AF-B32C-E602073E426C}.Release|Any CPU.ActiveCfg = Release|Any CPU
		{411C2F23-F6BB-41AF-B32C-E602073E426C}.Release|Any CPU.Build.0 = Release|Any CPU
		{FAAEC67E-76A1-4B36-8734-E2F635C654C4}.Debug|Any CPU.ActiveCfg = Debug|Any CPU
		{FAAEC67E-76A1-4B36-8734-E2F635C654C4}.Debug|Any CPU.Build.0 = Debug|Any CPU
		{FAAEC67E-76A1-4B36-8734-E2F635C654C4}.Release|Any CPU.ActiveCfg = Release|Any CPU
		{FAAEC67E-76A1-4B36-8734-E2F635C654C4}.Release|Any CPU.Build.0 = Release|Any CPU
		{A49CC44F-03C0-4C3B-86B1-28E0D2EB88C2}.Debug|Any CPU.ActiveCfg = Debug|Any CPU
		{A49CC44F-03C0-4C3B-86B1-28E0D2EB88C2}.Debug|Any CPU.Build.0 = Debug|Any CPU
		{A49CC44F-03C0-4C3B-86B1-28E0D2EB88C2}.Release|Any CPU.ActiveCfg = Release|Any CPU
		{A49CC44F-03C0-4C3B-86B1-28E0D2EB88C2}.Release|Any CPU.Build.0 = Release|Any CPU
		{DD532E14-6606-43D7-A26A-37C181A91B73}.Debug|Any CPU.ActiveCfg = Debug|Any CPU
		{DD532E14-6606-43D7-A26A-37C181A91B73}.Debug|Any CPU.Build.0 = Debug|Any CPU
		{DD532E14-6606-43D7-A26A-37C181A91B73}.Release|Any CPU.ActiveCfg = Release|Any CPU
		{DD532E14-6606-43D7-A26A-37C181A91B73}.Release|Any CPU.Build.0 = Release|Any CPU
		{2F571C76-AC1E-4513-910A-29B53F8DC23B}.Debug|Any CPU.ActiveCfg = Debug|Any CPU
		{2F571C76-AC1E-4513-910A-29B53F8DC23B}.Debug|Any CPU.Build.0 = Debug|Any CPU
		{2F571C76-AC1E-4513-910A-29B53F8DC23B}.Release|Any CPU.ActiveCfg = Release|Any CPU
		{2F571C76-AC1E-4513-910A-29B53F8DC23B}.Release|Any CPU.Build.0 = Release|Any CPU
		{20E32200-110F-401B-8E26-867335462373}.Debug|Any CPU.ActiveCfg = Debug|Any CPU
		{20E32200-110F-401B-8E26-867335462373}.Debug|Any CPU.Build.0 = Debug|Any CPU
		{20E32200-110F-401B-8E26-867335462373}.Release|Any CPU.ActiveCfg = Release|Any CPU
		{20E32200-110F-401B-8E26-867335462373}.Release|Any CPU.Build.0 = Release|Any CPU
		{1DF74BEE-A0FC-4C48-B8DD-73F1AEB9AFB7}.Debug|Any CPU.ActiveCfg = Debug|Any CPU
		{1DF74BEE-A0FC-4C48-B8DD-73F1AEB9AFB7}.Debug|Any CPU.Build.0 = Debug|Any CPU
		{1DF74BEE-A0FC-4C48-B8DD-73F1AEB9AFB7}.Release|Any CPU.ActiveCfg = Release|Any CPU
		{1DF74BEE-A0FC-4C48-B8DD-73F1AEB9AFB7}.Release|Any CPU.Build.0 = Release|Any CPU
		{8A3A6B68-D6D0-4E8E-9C1E-358E22110B52}.Debug|Any CPU.ActiveCfg = Debug|Any CPU
		{8A3A6B68-D6D0-4E8E-9C1E-358E22110B52}.Debug|Any CPU.Build.0 = Debug|Any CPU
		{8A3A6B68-D6D0-4E8E-9C1E-358E22110B52}.Release|Any CPU.ActiveCfg = Release|Any CPU
		{8A3A6B68-D6D0-4E8E-9C1E-358E22110B52}.Release|Any CPU.Build.0 = Release|Any CPU
		{5AC78E04-DE2E-4759-9CA2-DA244C0FD916}.Debug|Any CPU.ActiveCfg = Debug|Any CPU
		{5AC78E04-DE2E-4759-9CA2-DA244C0FD916}.Debug|Any CPU.Build.0 = Debug|Any CPU
		{5AC78E04-DE2E-4759-9CA2-DA244C0FD916}.Release|Any CPU.ActiveCfg = Release|Any CPU
		{5AC78E04-DE2E-4759-9CA2-DA244C0FD916}.Release|Any CPU.Build.0 = Release|Any CPU
		{41FD1835-5AFF-4370-9391-787A834E821A}.Debug|Any CPU.ActiveCfg = Debug|Any CPU
		{41FD1835-5AFF-4370-9391-787A834E821A}.Debug|Any CPU.Build.0 = Debug|Any CPU
		{41FD1835-5AFF-4370-9391-787A834E821A}.Release|Any CPU.ActiveCfg = Release|Any CPU
		{41FD1835-5AFF-4370-9391-787A834E821A}.Release|Any CPU.Build.0 = Release|Any CPU
		{95E9143B-D896-4003-8C13-1B3CFA01A1E6}.Debug|Any CPU.ActiveCfg = Debug|Any CPU
		{95E9143B-D896-4003-8C13-1B3CFA01A1E6}.Debug|Any CPU.Build.0 = Debug|Any CPU
		{95E9143B-D896-4003-8C13-1B3CFA01A1E6}.Release|Any CPU.ActiveCfg = Release|Any CPU
		{95E9143B-D896-4003-8C13-1B3CFA01A1E6}.Release|Any CPU.Build.0 = Release|Any CPU
		{C713B2AD-51CD-46C2-B3BD-C572DBAC47C2}.Debug|Any CPU.ActiveCfg = Debug|Any CPU
		{C713B2AD-51CD-46C2-B3BD-C572DBAC47C2}.Debug|Any CPU.Build.0 = Debug|Any CPU
		{C713B2AD-51CD-46C2-B3BD-C572DBAC47C2}.Release|Any CPU.ActiveCfg = Release|Any CPU
		{C713B2AD-51CD-46C2-B3BD-C572DBAC47C2}.Release|Any CPU.Build.0 = Release|Any CPU
		{5C3EDE7E-BBBF-40C7-A584-A902C5B7AA89}.Debug|Any CPU.ActiveCfg = Debug|Any CPU
		{5C3EDE7E-BBBF-40C7-A584-A902C5B7AA89}.Debug|Any CPU.Build.0 = Debug|Any CPU
		{5C3EDE7E-BBBF-40C7-A584-A902C5B7AA89}.Release|Any CPU.ActiveCfg = Release|Any CPU
		{5C3EDE7E-BBBF-40C7-A584-A902C5B7AA89}.Release|Any CPU.Build.0 = Release|Any CPU
		{BD011B7F-5C35-49BE-9EE5-183080696CC8}.Debug|Any CPU.ActiveCfg = Debug|Any CPU
		{BD011B7F-5C35-49BE-9EE5-183080696CC8}.Debug|Any CPU.Build.0 = Debug|Any CPU
		{BD011B7F-5C35-49BE-9EE5-183080696CC8}.Release|Any CPU.ActiveCfg = Release|Any CPU
		{BD011B7F-5C35-49BE-9EE5-183080696CC8}.Release|Any CPU.Build.0 = Release|Any CPU
		{BEAA004C-4839-4B4B-B041-1FA9641A40E3}.Debug|Any CPU.ActiveCfg = Debug|Any CPU
		{BEAA004C-4839-4B4B-B041-1FA9641A40E3}.Debug|Any CPU.Build.0 = Debug|Any CPU
		{BEAA004C-4839-4B4B-B041-1FA9641A40E3}.Release|Any CPU.ActiveCfg = Release|Any CPU
		{BEAA004C-4839-4B4B-B041-1FA9641A40E3}.Release|Any CPU.Build.0 = Release|Any CPU
	EndGlobalSection
	GlobalSection(SolutionProperties) = preSolution
		HideSolutionNode = FALSE
	EndGlobalSection
	GlobalSection(ExtensibilityGlobals) = postSolution
		SolutionGuid = {F0D781EF-AA1C-4072-96FE-0EF821FBE58D}
	EndGlobalSection
EndGlobal
